
Microsoft Visual Studio Solution File, Format Version 12.00
# Visual Studio Version 16
VisualStudioVersion = 16.0.30907.101
MinimumVisualStudioVersion = 10.0.40219.1
Project("{FAE04EC0-301F-11D3-BF4B-00C04F79EFBC}") = "MyLinkList", "MyLinkList.csproj", "{DA65E211-0C05-4BB6-84C7-04AFE76B40F0}"
EndProject
Project("{FAE04EC0-301F-11D3-BF4B-00C04F79EFBC}") = "MyNodeTest", "..\MyNodeTest\MyNodeTest.csproj", "{1E46C80D-4AD0-4D05-B936-89A87C321397}"
EndProject
Global
	GlobalSection(SolutionConfigurationPlatforms) = preSolution
		Debug|Any CPU = Debug|Any CPU
		Release|Any CPU = Release|Any CPU
	EndGlobalSection
	GlobalSection(ProjectConfigurationPlatforms) = postSolution
		{DA65E211-0C05-4BB6-84C7-04AFE76B40F0}.Debug|Any CPU.ActiveCfg = Debug|Any CPU
		{DA65E211-0C05-4BB6-84C7-04AFE76B40F0}.Debug|Any CPU.Build.0 = Debug|Any CPU
		{DA65E211-0C05-4BB6-84C7-04AFE76B40F0}.Release|Any CPU.ActiveCfg = Release|Any CPU
		{DA65E211-0C05-4BB6-84C7-04AFE76B40F0}.Release|Any CPU.Build.0 = Release|Any CPU
		{1E46C80D-4AD0-4D05-B936-89A87C321397}.Debug|Any CPU.ActiveCfg = Debug|Any CPU
		{1E46C80D-4AD0-4D05-B936-89A87C321397}.Debug|Any CPU.Build.0 = Debug|Any CPU
		{1E46C80D-4AD0-4D05-B936-89A87C321397}.Release|Any CPU.ActiveCfg = Release|Any CPU
		{1E46C80D-4AD0-4D05-B936-89A87C321397}.Release|Any CPU.Build.0 = Release|Any CPU
	EndGlobalSection
	GlobalSection(SolutionProperties) = preSolution
		HideSolutionNode = FALSE
	EndGlobalSection
	GlobalSection(ExtensibilityGlobals) = postSolution
		SolutionGuid = {ADD94D1E-4670-4DF6-9F45-DC83A063C170}
	EndGlobalSection
EndGlobal
